
Microsoft Visual Studio Solution File, Format Version 12.00
# Visual Studio Version 17
VisualStudioVersion = 17.11.35431.28
MinimumVisualStudioVersion = 10.0.40219.1
Project("{FAE04EC0-301F-11D3-BF4B-00C04F79EFBC}") = "AdventOfCode2024", "AdventOfCode2024.csproj", "{DD750D1B-B0B8-40D1-BC53-DF0D95A21774}"
EndProject
Global
	GlobalSection(SolutionConfigurationPlatforms) = preSolution
		Debug|Any CPU = Debug|Any CPU
		Release|Any CPU = Release|Any CPU
	EndGlobalSection
	GlobalSection(ProjectConfigurationPlatforms) = postSolution
		{DD750D1B-B0B8-40D1-BC53-DF0D95A21774}.Debug|Any CPU.ActiveCfg = Debug|Any CPU
		{DD750D1B-B0B8-40D1-BC53-DF0D95A21774}.Debug|Any CPU.Build.0 = Debug|Any CPU
		{DD750D1B-B0B8-40D1-BC53-DF0D95A21774}.Release|Any CPU.ActiveCfg = Release|Any CPU
		{DD750D1B-B0B8-40D1-BC53-DF0D95A21774}.Release|Any CPU.Build.0 = Release|Any CPU
	EndGlobalSection
	GlobalSection(SolutionProperties) = preSolution
		HideSolutionNode = FALSE
	EndGlobalSection
	GlobalSection(ExtensibilityGlobals) = postSolution
		SolutionGuid = {1E1492BF-8594-46BC-AA5C-94C44A3C0F5C}
	EndGlobalSection
EndGlobal
